PODS:
  - SwiftSocket (2.0.2)

DEPENDENCIES:
  - SwiftSocket (from `https://github.com/swiftsocket/SwiftSocket`, tag `2.1.0`)

EXTERNAL SOURCES:
  SwiftSocket:
    :git: https://github.com/swiftsocket/SwiftSocket
    :tag: 2.1.0

CHECKOUT OPTIONS:
  SwiftSocket:
    :git: https://github.com/swiftsocket/SwiftSocket
    :tag: 2.1.0

SPEC CHECKSUMS:
  SwiftSocket: 0847ae35aeba4f64c1ba1fd2b113fdbc4e66de96

PODFILE CHECKSUM: 1f4f68904d3a6758a3e99e65aa1d80dddb46453b

COCOAPODS: 1.8.4
